
Microsoft Visual Studio Solution File, Format Version 12.00
# Visual Studio Version 16
VisualStudioVersion = 16.0.29306.81
MinimumVisualStudioVersion = 10.0.40219.1
Project("{FAE04EC0-301F-11D3-BF4B-00C04F79EFBC}") = "spORT", "spORT\spORT.csproj", "{1948FFBF-F7C8-4520-B995-9B969963E292}"
EndProject
Global
	GlobalSection(SolutionConfigurationPlatforms) = preSolution
		Debug|Any CPU = Debug|Any CPU
		Release|Any CPU = Release|Any CPU
	EndGlobalSection
	GlobalSection(ProjectConfigurationPlatforms) = postSolution
		{1948FFBF-F7C8-4520-B995-9B969963E292}.Debug|Any CPU.ActiveCfg = Debug|Any CPU
		{1948FFBF-F7C8-4520-B995-9B969963E292}.Debug|Any CPU.Build.0 = Debug|Any CPU
		{1948FFBF-F7C8-4520-B995-9B969963E292}.Release|Any CPU.ActiveCfg = Release|Any CPU
		{1948FFBF-F7C8-4520-B995-9B969963E292}.Release|Any CPU.Build.0 = Release|Any CPU
	EndGlobalSection
	GlobalSection(SolutionProperties) = preSolution
		HideSolutionNode = FALSE
	EndGlobalSection
	GlobalSection(ExtensibilityGlobals) = postSolution
		SolutionGuid = {60F40CFB-E1C4-4300-B514-2C3BF21BBF7F}
	EndGlobalSection
EndGlobal
